
Microsoft Visual Studio Solution File, Format Version 12.00
# Visual Studio Version 17
VisualStudioVersion = 17.9.34714.143
MinimumVisualStudioVersion = 10.0.40219.1
Project("{9A19103F-16F7-4668-BE54-9A1E7A4F7556}") = "opg", "lek01\opg.csproj", "{143A26A1-2A4C-4DC1-8C2A-932B84AC1681}"
EndProject
Project("{9A19103F-16F7-4668-BE54-9A1E7A4F7556}") = "lek01Libary", "lek01Libary\lek01Libary.csproj", "{17E38C2A-E6E7-4A61-9694-94DD1007A250}"
EndProject
Project("{2150E333-8FDC-42A3-9474-1A3956D46DE8}") = "lek01", "lek01", "{B879341F-E103-4A4F-96D7-C3DBA8766B38}"
EndProject
Project("{2150E333-8FDC-42A3-9474-1A3956D46DE8}") = "lek04", "lek04", "{761EF9D3-BD3A-44DA-8C20-07DFCA0856A1}"
EndProject
Project("{FAE04EC0-301F-11D3-BF4B-00C04F79EFBC}") = "DelegateExercises", "DelegateExercises\DelegateExercises.csproj", "{CFBB0F38-B24E-4117-B025-B0C7B8425A9F}"
EndProject
Project("{9A19103F-16F7-4668-BE54-9A1E7A4F7556}") = "OpgaverPowerPlant", "Opgaver\OpgaverPowerPlant.csproj", "{B559A3F5-4A9E-40E0-84AB-3DE085887A29}"
EndProject
Project("{9A19103F-16F7-4668-BE54-9A1E7A4F7556}") = "Opg2og3", "Opg2og3\Opg2og3.csproj", "{A73D0EE3-2A1D-4AEC-88AF-A0FF38892076}"
EndProject
Project("{9A19103F-16F7-4668-BE54-9A1E7A4F7556}") = "Cards", "Cards\Cards.csproj", "{9E68A69B-F045-4A53-89CE-4D6B0CE1F44A}"
EndProject
Project("{2150E333-8FDC-42A3-9474-1A3956D46DE8}") = "lek02", "lek02", "{2C2570B6-1D14-4062-A899-D737F2A7DEB7}"
EndProject
Project("{9A19103F-16F7-4668-BE54-9A1E7A4F7556}") = "opgLek02", "opgLek02\opgLek02.csproj", "{6B153E68-91B5-4352-9037-E3DEE3128EE9}"
EndProject
Project("{2150E333-8FDC-42A3-9474-1A3956D46DE8}") = "lek03", "lek03", "{BD762772-8437-4289-81CB-10519FB8C500}"
EndProject
Project("{FAE04EC0-301F-11D3-BF4B-00C04F79EFBC}") = "lek03Opg", "lek03Opg\lek03Opg.csproj", "{45416914-182D-4E4B-B7B3-37C9DA2E76DA}"
EndProject
Project("{FAE04EC0-301F-11D3-BF4B-00C04F79EFBC}") = "lek03Opg2", "lek03Opg2\lek03Opg2.csproj", "{3755F1A3-8125-4159-95D6-BACE677314D2}"
EndProject
Project("{2150E333-8FDC-42A3-9474-1A3956D46DE8}") = "lek05", "lek05", "{4871D8FB-C586-4F6B-9766-2AE8A18D11F0}"
EndProject
Project("{FAE04EC0-301F-11D3-BF4B-00C04F79EFBC}") = "lek05opg51", "lek05opg51\lek05opg51.csproj", "{975B41E2-BA48-42A7-B8A3-33918C7D4262}"
EndProject
Project("{9A19103F-16F7-4668-BE54-9A1E7A4F7556}") = "lek05opg", "lek05opg\lek05opg.csproj", "{E53FEE98-49DF-40C3-BE7E-D05A87324A1F}"
EndProject
Project("{2150E333-8FDC-42A3-9474-1A3956D46DE8}") = "lek06", "lek06", "{D5D39804-B917-4112-A49B-38300851BCC2}"
EndProject
Project("{9A19103F-16F7-4668-BE54-9A1E7A4F7556}") = "lek06opg1", "lek06opg1\lek06opg1.csproj", "{56F1BCA8-AD8A-49B4-9A4B-0FFD17DBAFA2}"
EndProject
Project("{9A19103F-16F7-4668-BE54-9A1E7A4F7556}") = "StartUp_CORE", "..\..\..\..\Desktop\StartUp_CORE\StartUp_CORE.csproj", "{C3FD2AB0-3B21-479E-911B-98A3BF8EF566}"
EndProject
Project("{9A19103F-16F7-4668-BE54-9A1E7A4F7556}") = "lek06exercise3", "lek06exercise3\lek06exercise3.csproj", "{48244052-10BE-472A-94DD-14BC8AE738C4}"
EndProject
Project("{2150E333-8FDC-42A3-9474-1A3956D46DE8}") = "lek07", "lek07", "{2B369C3A-BA07-424B-A124-815786E4DCD4}"
EndProject
Project("{9A19103F-16F7-4668-BE54-9A1E7A4F7556}") = "lek07opg1", "lek07opg1\lek07opg1.csproj", "{F7FF17BB-D241-4BDA-AC9E-8EFED5859C4B}"
EndProject
Project("{9A19103F-16F7-4668-BE54-9A1E7A4F7556}") = "Solutions", "Lesson11 - Helpers_solution\Solutions\Solutions.csproj", "{FC7DF5F2-2E9E-4EAE-A3D0-7C9E1F586B1A}"
EndProject
Project("{2150E333-8FDC-42A3-9474-1A3956D46DE8}") = "lek08", "lek08", "{CF366976-CC67-4807-9DCB-03BEE2956B29}"
EndProject
Project("{9A19103F-16F7-4668-BE54-9A1E7A4F7556}") = "Exercise 14.1 Core", "Exercise14 Core solution\Exercise 14.1 Core\Exercise 14.1 Core.csproj", "{9CEDBEAB-33CD-43CF-948D-CC54A0F42A69}"
EndProject
Project("{9A19103F-16F7-4668-BE54-9A1E7A4F7556}") = "Exercise 14.2 Core", "Exercise14 Core solution\Exercise 14.2 Core\Exercise 14.2 Core.csproj", "{CB336930-99BE-4FF4-9BF1-0A66AB61FFFC}"
EndProject
Project("{2150E333-8FDC-42A3-9474-1A3956D46DE8}") = "lek09", "lek09", "{5BF663E0-6877-40F0-94C6-C6B8CA7144E6}"
EndProject
Project("{9A19103F-16F7-4668-BE54-9A1E7A4F7556}") = "lek09opgaver", "lek09opgaver\lek09opgaver.csproj", "{074D9B30-EF3C-42C9-8624-CE58430CD139}"
EndProject
Project("{9A19103F-16F7-4668-BE54-9A1E7A4F7556}") = "PersonMVC", "PersonMVC\PersonMVC.csproj", "{53402C6C-7C14-4F9D-86FD-D76F74E2306E}"
EndProject
Project("{2150E333-8FDC-42A3-9474-1A3956D46DE8}") = "lek10", "lek10", "{F368FAF2-D058-4786-A82E-507CBD191BC4}"
EndProject
Project("{9A19103F-16F7-4668-BE54-9A1E7A4F7556}") = "lek10ef", "lek10ef\lek10ef.csproj", "{904B57B3-5625-4695-93A9-CEEC75B56F91}"
EndProject
Project("{9A19103F-16F7-4668-BE54-9A1E7A4F7556}") = "lek10bilerMVC", "lek10bilerMVC\lek10bilerMVC.csproj", "{E713733E-CF1E-44BE-B86B-267AD2AABDA5}"
EndProject
Project("{2150E333-8FDC-42A3-9474-1A3956D46DE8}") = "lek11", "lek11", "{35EC8C49-C920-4643-89DF-107DD46BDDF3}"
EndProject
Project("{2150E333-8FDC-42A3-9474-1A3956D46DE8}") = "lek14", "lek14", "{6A2E1636-95F0-491D-B8C2-3A47AA027473}"
EndProject
Project("{9A19103F-16F7-4668-BE54-9A1E7A4F7556}") = "MauiApp2", "MauiApp2\MauiApp2.csproj", "{89B61D23-D583-4CAF-A64B-07A315ACEED8}"
EndProject
Project("{9A19103F-16F7-4668-BE54-9A1E7A4F7556}") = "MauiApp3", "MauiApp3\MauiApp3.csproj", "{41BF7ACF-CBD6-41B6-848C-94AC189AF70B}"
EndProject
Project("{9A19103F-16F7-4668-BE54-9A1E7A4F7556}") = "MauiApp4", "MauiApp4\MauiApp4.csproj", "{4BDE0D37-2779-489D-9D9A-38CE36D764BF}"
EndProject
Project("{9A19103F-16F7-4668-BE54-9A1E7A4F7556}") = "MauiApp5", "MauiApp5\MauiApp5.csproj", "{51525DF3-6E45-451C-9511-738174A4D8D2}"
EndProject
Project("{9A19103F-16F7-4668-BE54-9A1E7A4F7556}") = "MauiApp6", "MauiApp6\MauiApp6.csproj", "{7DE7F4AA-1B33-46FC-B899-40858B443E7A}"
EndProject
Project("{2150E333-8FDC-42A3-9474-1A3956D46DE8}") = "lek12", "lek12", "{34620067-DEE8-4EFF-924C-ECD1159A69C6}"
EndProject
Project("{9A19103F-16F7-4668-BE54-9A1E7A4F7556}") = "Lek12MauiApp1", "Lek12MauiApp1\Lek12MauiApp1.csproj", "{25FBC09D-A9E6-47E4-9FC9-62E6426EB7E0}"
EndProject
Project("{2150E333-8FDC-42A3-9474-1A3956D46DE8}") = "StudentApp", "StudentApp", "{CC31AF68-2743-4159-A161-E1B6F332EA3B}"
EndProject
Project("{9A19103F-16F7-4668-BE54-9A1E7A4F7556}") = "BusinessLogic", "BusinessLogic\BusinessLogic.csproj", "{D8D85DCD-4D74-468E-AED9-0B4A4AFA32CE}"
EndProject
Project("{9A19103F-16F7-4668-BE54-9A1E7A4F7556}") = "DataAccess", "DataAcess\DataAccess.csproj", "{A2ABBC4B-C618-4C46-8937-90DF633BAF8F}"
EndProject
Project("{9A19103F-16F7-4668-BE54-9A1E7A4F7556}") = "DTO", "DTO\DTO.csproj", "{5A2078C6-3884-444B-BA7E-F21CC330FA0C}"
EndProject
Project("{9A19103F-16F7-4668-BE54-9A1E7A4F7556}") = "StudentGui", "StudentGui\StudentGui.csproj", "{65DC8762-C452-4FB9-8675-1CE932404204}"
EndProject
Project("{2150E333-8FDC-42A3-9474-1A3956D46DE8}") = "EmployeeAppMAUI", "EmployeeAppMAUI", "{BA2C3541-F187-4EB4-B97C-7A07D1D8D60B}"
EndProject
Project("{9A19103F-16F7-4668-BE54-9A1E7A4F7556}") = "BusinessLogic", "EmployeeAppMAUI\BusinessLogic\BusinessLogic.csproj", "{30345A28-F03A-4CF1-B3EF-81E933675C30}"
EndProject
Project("{9A19103F-16F7-4668-BE54-9A1E7A4F7556}") = "DataAccess", "EmployeeAppMAUI\DataAccess\DataAccess.csproj", "{82F1D48B-97B3-4A52-9677-7241EF0E313D}"
EndProject
Project("{9A19103F-16F7-4668-BE54-9A1E7A4F7556}") = "DTO", "EmployeeAppMAUI\DTO\DTO.csproj", "{BC2BB21D-BE86-4414-9B68-1CA88FFBBD97}"
EndProject
Project("{9A19103F-16F7-4668-BE54-9A1E7A4F7556}") = "EmployeeGUI", "EmployeeAppMAUI\EmployeeGUI\EmployeeGUI.csproj", "{22D0495B-1263-4F9F-A582-B7B0D9F494D6}"
EndProject
Project("{9A19103F-16F7-4668-BE54-9A1E7A4F7556}") = "MauiGUI", "EmployeeAppMAUI\MauiGUI\MauiGUI.csproj", "{1AB52B4D-CE1F-4F07-AAC9-224AF1BE5D2A}"
EndProject
Global
	GlobalSection(SolutionConfigurationPlatforms) = preSolution
		Debug|Any CPU = Debug|Any CPU
		Release|Any CPU = Release|Any CPU
	EndGlobalSection
	GlobalSection(ProjectConfigurationPlatforms) = postSolution
		{143A26A1-2A4C-4DC1-8C2A-932B84AC1681}.Debug|Any CPU.ActiveCfg = Debug|Any CPU
		{143A26A1-2A4C-4DC1-8C2A-932B84AC1681}.Debug|Any CPU.Build.0 = Debug|Any CPU
		{143A26A1-2A4C-4DC1-8C2A-932B84AC1681}.Release|Any CPU.ActiveCfg = Release|Any CPU
		{143A26A1-2A4C-4DC1-8C2A-932B84AC1681}.Release|Any CPU.Build.0 = Release|Any CPU
		{17E38C2A-E6E7-4A61-9694-94DD1007A250}.Debug|Any CPU.ActiveCfg = Debug|Any CPU
		{17E38C2A-E6E7-4A61-9694-94DD1007A250}.Debug|Any CPU.Build.0 = Debug|Any CPU
		{17E38C2A-E6E7-4A61-9694-94DD1007A250}.Release|Any CPU.ActiveCfg = Release|Any CPU
		{17E38C2A-E6E7-4A61-9694-94DD1007A250}.Release|Any CPU.Build.0 = Release|Any CPU
		{CFBB0F38-B24E-4117-B025-B0C7B8425A9F}.Debug|Any CPU.ActiveCfg = Debug|Any CPU
		{CFBB0F38-B24E-4117-B025-B0C7B8425A9F}.Debug|Any CPU.Build.0 = Debug|Any CPU
		{CFBB0F38-B24E-4117-B025-B0C7B8425A9F}.Release|Any CPU.ActiveCfg = Release|Any CPU
		{CFBB0F38-B24E-4117-B025-B0C7B8425A9F}.Release|Any CPU.Build.0 = Release|Any CPU
		{B559A3F5-4A9E-40E0-84AB-3DE085887A29}.Debug|Any CPU.ActiveCfg = Debug|Any CPU
		{B559A3F5-4A9E-40E0-84AB-3DE085887A29}.Debug|Any CPU.Build.0 = Debug|Any CPU
		{B559A3F5-4A9E-40E0-84AB-3DE085887A29}.Release|Any CPU.ActiveCfg = Release|Any CPU
		{B559A3F5-4A9E-40E0-84AB-3DE085887A29}.Release|Any CPU.Build.0 = Release|Any CPU
		{A73D0EE3-2A1D-4AEC-88AF-A0FF38892076}.Debug|Any CPU.ActiveCfg = Debug|Any CPU
		{A73D0EE3-2A1D-4AEC-88AF-A0FF38892076}.Debug|Any CPU.Build.0 = Debug|Any CPU
		{A73D0EE3-2A1D-4AEC-88AF-A0FF38892076}.Release|Any CPU.ActiveCfg = Release|Any CPU
		{A73D0EE3-2A1D-4AEC-88AF-A0FF38892076}.Release|Any CPU.Build.0 = Release|Any CPU
		{9E68A69B-F045-4A53-89CE-4D6B0CE1F44A}.Debug|Any CPU.ActiveCfg = Debug|Any CPU
		{9E68A69B-F045-4A53-89CE-4D6B0CE1F44A}.Debug|Any CPU.Build.0 = Debug|Any CPU
		{9E68A69B-F045-4A53-89CE-4D6B0CE1F44A}.Release|Any CPU.ActiveCfg = Release|Any CPU
		{9E68A69B-F045-4A53-89CE-4D6B0CE1F44A}.Release|Any CPU.Build.0 = Release|Any CPU
		{6B153E68-91B5-4352-9037-E3DEE3128EE9}.Debug|Any CPU.ActiveCfg = Debug|Any CPU
		{6B153E68-91B5-4352-9037-E3DEE3128EE9}.Debug|Any CPU.Build.0 = Debug|Any CPU
		{6B153E68-91B5-4352-9037-E3DEE3128EE9}.Release|Any CPU.ActiveCfg = Release|Any CPU
		{6B153E68-91B5-4352-9037-E3DEE3128EE9}.Release|Any CPU.Build.0 = Release|Any CPU
		{45416914-182D-4E4B-B7B3-37C9DA2E76DA}.Debug|Any CPU.ActiveCfg = Debug|Any CPU
		{45416914-182D-4E4B-B7B3-37C9DA2E76DA}.Debug|Any CPU.Build.0 = Debug|Any CPU
		{45416914-182D-4E4B-B7B3-37C9DA2E76DA}.Release|Any CPU.ActiveCfg = Release|Any CPU
		{45416914-182D-4E4B-B7B3-37C9DA2E76DA}.Release|Any CPU.Build.0 = Release|Any CPU
		{3755F1A3-8125-4159-95D6-BACE677314D2}.Debug|Any CPU.ActiveCfg = Debug|Any CPU
		{3755F1A3-8125-4159-95D6-BACE677314D2}.Debug|Any CPU.Build.0 = Debug|Any CPU
		{3755F1A3-8125-4159-95D6-BACE677314D2}.Release|Any CPU.ActiveCfg = Release|Any CPU
		{3755F1A3-8125-4159-95D6-BACE677314D2}.Release|Any CPU.Build.0 = Release|Any CPU
		{975B41E2-BA48-42A7-B8A3-33918C7D4262}.Debug|Any CPU.ActiveCfg = Debug|Any CPU
		{975B41E2-BA48-42A7-B8A3-33918C7D4262}.Debug|Any CPU.Build.0 = Debug|Any CPU
		{975B41E2-BA48-42A7-B8A3-33918C7D4262}.Release|Any CPU.ActiveCfg = Release|Any CPU
		{975B41E2-BA48-42A7-B8A3-33918C7D4262}.Release|Any CPU.Build.0 = Release|Any CPU
		{E53FEE98-49DF-40C3-BE7E-D05A87324A1F}.Debug|Any CPU.ActiveCfg = Debug|Any CPU
		{E53FEE98-49DF-40C3-BE7E-D05A87324A1F}.Debug|Any CPU.Build.0 = Debug|Any CPU
		{E53FEE98-49DF-40C3-BE7E-D05A87324A1F}.Release|Any CPU.ActiveCfg = Release|Any CPU
		{E53FEE98-49DF-40C3-BE7E-D05A87324A1F}.Release|Any CPU.Build.0 = Release|Any CPU
		{56F1BCA8-AD8A-49B4-9A4B-0FFD17DBAFA2}.Debug|Any CPU.ActiveCfg = Debug|Any CPU
		{56F1BCA8-AD8A-49B4-9A4B-0FFD17DBAFA2}.Debug|Any CPU.Build.0 = Debug|Any CPU
		{56F1BCA8-AD8A-49B4-9A4B-0FFD17DBAFA2}.Release|Any CPU.ActiveCfg = Release|Any CPU
		{56F1BCA8-AD8A-49B4-9A4B-0FFD17DBAFA2}.Release|Any CPU.Build.0 = Release|Any CPU
		{C3FD2AB0-3B21-479E-911B-98A3BF8EF566}.Debug|Any CPU.ActiveCfg = Debug|Any CPU
		{C3FD2AB0-3B21-479E-911B-98A3BF8EF566}.Debug|Any CPU.Build.0 = Debug|Any CPU
		{C3FD2AB0-3B21-479E-911B-98A3BF8EF566}.Release|Any CPU.ActiveCfg = Release|Any CPU
		{C3FD2AB0-3B21-479E-911B-98A3BF8EF566}.Release|Any CPU.Build.0 = Release|Any CPU
		{48244052-10BE-472A-94DD-14BC8AE738C4}.Debug|Any CPU.ActiveCfg = Debug|Any CPU
		{48244052-10BE-472A-94DD-14BC8AE738C4}.Debug|Any CPU.Build.0 = Debug|Any CPU
		{48244052-10BE-472A-94DD-14BC8AE738C4}.Release|Any CPU.ActiveCfg = Release|Any CPU
		{48244052-10BE-472A-94DD-14BC8AE738C4}.Release|Any CPU.Build.0 = Release|Any CPU
		{F7FF17BB-D241-4BDA-AC9E-8EFED5859C4B}.Debug|Any CPU.ActiveCfg = Debug|Any CPU
		{F7FF17BB-D241-4BDA-AC9E-8EFED5859C4B}.Debug|Any CPU.Build.0 = Debug|Any CPU
		{F7FF17BB-D241-4BDA-AC9E-8EFED5859C4B}.Release|Any CPU.ActiveCfg = Release|Any CPU
		{F7FF17BB-D241-4BDA-AC9E-8EFED5859C4B}.Release|Any CPU.Build.0 = Release|Any CPU
		{FC7DF5F2-2E9E-4EAE-A3D0-7C9E1F586B1A}.Debug|Any CPU.ActiveCfg = Debug|Any CPU
		{FC7DF5F2-2E9E-4EAE-A3D0-7C9E1F586B1A}.Debug|Any CPU.Build.0 = Debug|Any CPU
		{FC7DF5F2-2E9E-4EAE-A3D0-7C9E1F586B1A}.Release|Any CPU.ActiveCfg = Release|Any CPU
		{FC7DF5F2-2E9E-4EAE-A3D0-7C9E1F586B1A}.Release|Any CPU.Build.0 = Release|Any CPU
		{9CEDBEAB-33CD-43CF-948D-CC54A0F42A69}.Debug|Any CPU.ActiveCfg = Debug|Any CPU
		{9CEDBEAB-33CD-43CF-948D-CC54A0F42A69}.Debug|Any CPU.Build.0 = Debug|Any CPU
		{9CEDBEAB-33CD-43CF-948D-CC54A0F42A69}.Release|Any CPU.ActiveCfg = Release|Any CPU
		{9CEDBEAB-33CD-43CF-948D-CC54A0F42A69}.Release|Any CPU.Build.0 = Release|Any CPU
		{CB336930-99BE-4FF4-9BF1-0A66AB61FFFC}.Debug|Any CPU.ActiveCfg = Debug|Any CPU
		{CB336930-99BE-4FF4-9BF1-0A66AB61FFFC}.Debug|Any CPU.Build.0 = Debug|Any CPU
		{CB336930-99BE-4FF4-9BF1-0A66AB61FFFC}.Release|Any CPU.ActiveCfg = Release|Any CPU
		{CB336930-99BE-4FF4-9BF1-0A66AB61FFFC}.Release|Any CPU.Build.0 = Release|Any CPU
		{074D9B30-EF3C-42C9-8624-CE58430CD139}.Debug|Any CPU.ActiveCfg = Debug|Any CPU
		{074D9B30-EF3C-42C9-8624-CE58430CD139}.Debug|Any CPU.Build.0 = Debug|Any CPU
		{074D9B30-EF3C-42C9-8624-CE58430CD139}.Release|Any CPU.ActiveCfg = Release|Any CPU
		{074D9B30-EF3C-42C9-8624-CE58430CD139}.Release|Any CPU.Build.0 = Release|Any CPU
		{53402C6C-7C14-4F9D-86FD-D76F74E2306E}.Debug|Any CPU.ActiveCfg = Debug|Any CPU
		{53402C6C-7C14-4F9D-86FD-D76F74E2306E}.Debug|Any CPU.Build.0 = Debug|Any CPU
		{53402C6C-7C14-4F9D-86FD-D76F74E2306E}.Release|Any CPU.ActiveCfg = Release|Any CPU
		{53402C6C-7C14-4F9D-86FD-D76F74E2306E}.Release|Any CPU.Build.0 = Release|Any CPU
		{904B57B3-5625-4695-93A9-CEEC75B56F91}.Debug|Any CPU.ActiveCfg = Debug|Any CPU
		{904B57B3-5625-4695-93A9-CEEC75B56F91}.Debug|Any CPU.Build.0 = Debug|Any CPU
		{904B57B3-5625-4695-93A9-CEEC75B56F91}.Release|Any CPU.ActiveCfg = Release|Any CPU
		{904B57B3-5625-4695-93A9-CEEC75B56F91}.Release|Any CPU.Build.0 = Release|Any CPU
		{E713733E-CF1E-44BE-B86B-267AD2AABDA5}.Debug|Any CPU.ActiveCfg = Debug|Any CPU
		{E713733E-CF1E-44BE-B86B-267AD2AABDA5}.Debug|Any CPU.Build.0 = Debug|Any CPU
		{E713733E-CF1E-44BE-B86B-267AD2AABDA5}.Release|Any CPU.ActiveCfg = Release|Any CPU
		{E713733E-CF1E-44BE-B86B-267AD2AABDA5}.Release|Any CPU.Build.0 = Release|Any CPU
		{89B61D23-D583-4CAF-A64B-07A315ACEED8}.Debug|Any CPU.ActiveCfg = Debug|Any CPU
		{89B61D23-D583-4CAF-A64B-07A315ACEED8}.Debug|Any CPU.Build.0 = Debug|Any CPU
		{89B61D23-D583-4CAF-A64B-07A315ACEED8}.Debug|Any CPU.Deploy.0 = Debug|Any CPU
		{89B61D23-D583-4CAF-A64B-07A315ACEED8}.Release|Any CPU.ActiveCfg = Release|Any CPU
		{89B61D23-D583-4CAF-A64B-07A315ACEED8}.Release|Any CPU.Build.0 = Release|Any CPU
		{89B61D23-D583-4CAF-A64B-07A315ACEED8}.Release|Any CPU.Deploy.0 = Release|Any CPU
		{41BF7ACF-CBD6-41B6-848C-94AC189AF70B}.Debug|Any CPU.ActiveCfg = Debug|Any CPU
		{41BF7ACF-CBD6-41B6-848C-94AC189AF70B}.Debug|Any CPU.Build.0 = Debug|Any CPU
		{41BF7ACF-CBD6-41B6-848C-94AC189AF70B}.Debug|Any CPU.Deploy.0 = Debug|Any CPU
		{41BF7ACF-CBD6-41B6-848C-94AC189AF70B}.Release|Any CPU.ActiveCfg = Release|Any CPU
		{41BF7ACF-CBD6-41B6-848C-94AC189AF70B}.Release|Any CPU.Build.0 = Release|Any CPU
		{41BF7ACF-CBD6-41B6-848C-94AC189AF70B}.Release|Any CPU.Deploy.0 = Release|Any CPU
		{4BDE0D37-2779-489D-9D9A-38CE36D764BF}.Debug|Any CPU.ActiveCfg = Debug|Any CPU
		{4BDE0D37-2779-489D-9D9A-38CE36D764BF}.Debug|Any CPU.Build.0 = Debug|Any CPU
		{4BDE0D37-2779-489D-9D9A-38CE36D764BF}.Debug|Any CPU.Deploy.0 = Debug|Any CPU
		{4BDE0D37-2779-489D-9D9A-38CE36D764BF}.Release|Any CPU.ActiveCfg = Release|Any CPU
		{4BDE0D37-2779-489D-9D9A-38CE36D764BF}.Release|Any CPU.Build.0 = Release|Any CPU
		{4BDE0D37-2779-489D-9D9A-38CE36D764BF}.Release|Any CPU.Deploy.0 = Release|Any CPU
		{51525DF3-6E45-451C-9511-738174A4D8D2}.Debug|Any CPU.ActiveCfg = Debug|Any CPU
		{51525DF3-6E45-451C-9511-738174A4D8D2}.Debug|Any CPU.Build.0 = Debug|Any CPU
		{51525DF3-6E45-451C-9511-738174A4D8D2}.Debug|Any CPU.Deploy.0 = Debug|Any CPU
		{51525DF3-6E45-451C-9511-738174A4D8D2}.Release|Any CPU.ActiveCfg = Release|Any CPU
		{51525DF3-6E45-451C-9511-738174A4D8D2}.Release|Any CPU.Build.0 = Release|Any CPU
		{51525DF3-6E45-451C-9511-738174A4D8D2}.Release|Any CPU.Deploy.0 = Release|Any CPU
		{7DE7F4AA-1B33-46FC-B899-40858B443E7A}.Debug|Any CPU.ActiveCfg = Debug|Any CPU
		{7DE7F4AA-1B33-46FC-B899-40858B443E7A}.Debug|Any CPU.Build.0 = Debug|Any CPU
		{7DE7F4AA-1B33-46FC-B899-40858B443E7A}.Debug|Any CPU.Deploy.0 = Debug|Any CPU
		{7DE7F4AA-1B33-46FC-B899-40858B443E7A}.Release|Any CPU.ActiveCfg = Release|Any CPU
		{7DE7F4AA-1B33-46FC-B899-40858B443E7A}.Release|Any CPU.Build.0 = Release|Any CPU
		{7DE7F4AA-1B33-46FC-B899-40858B443E7A}.Release|Any CPU.Deploy.0 = Release|Any CPU
		{25FBC09D-A9E6-47E4-9FC9-62E6426EB7E0}.Debug|Any CPU.ActiveCfg = Debug|Any CPU
		{25FBC09D-A9E6-47E4-9FC9-62E6426EB7E0}.Debug|Any CPU.Build.0 = Debug|Any CPU
		{25FBC09D-A9E6-47E4-9FC9-62E6426EB7E0}.Debug|Any CPU.Deploy.0 = Debug|Any CPU
		{25FBC09D-A9E6-47E4-9FC9-62E6426EB7E0}.Release|Any CPU.ActiveCfg = Release|Any CPU
		{25FBC09D-A9E6-47E4-9FC9-62E6426EB7E0}.Release|Any CPU.Build.0 = Release|Any CPU
		{25FBC09D-A9E6-47E4-9FC9-62E6426EB7E0}.Release|Any CPU.Deploy.0 = Release|Any CPU
		{D8D85DCD-4D74-468E-AED9-0B4A4AFA32CE}.Debug|Any CPU.ActiveCfg = Debug|Any CPU
		{D8D85DCD-4D74-468E-AED9-0B4A4AFA32CE}.Debug|Any CPU.Build.0 = Debug|Any CPU
		{D8D85DCD-4D74-468E-AED9-0B4A4AFA32CE}.Release|Any CPU.ActiveCfg = Release|Any CPU
		{D8D85DCD-4D74-468E-AED9-0B4A4AFA32CE}.Release|Any CPU.Build.0 = Release|Any CPU
		{A2ABBC4B-C618-4C46-8937-90DF633BAF8F}.Debug|Any CPU.ActiveCfg = Debug|Any CPU
		{A2ABBC4B-C618-4C46-8937-90DF633BAF8F}.Debug|Any CPU.Build.0 = Debug|Any CPU
		{A2ABBC4B-C618-4C46-8937-90DF633BAF8F}.Release|Any CPU.ActiveCfg = Release|Any CPU
		{A2ABBC4B-C618-4C46-8937-90DF633BAF8F}.Release|Any CPU.Build.0 = Release|Any CPU
		{5A2078C6-3884-444B-BA7E-F21CC330FA0C}.Debug|Any CPU.ActiveCfg = Debug|Any CPU
		{5A2078C6-3884-444B-BA7E-F21CC330FA0C}.Debug|Any CPU.Build.0 = Debug|Any CPU
		{5A2078C6-3884-444B-BA7E-F21CC330FA0C}.Release|Any CPU.ActiveCfg = Release|Any CPU
		{5A2078C6-3884-444B-BA7E-F21CC330FA0C}.Release|Any CPU.Build.0 = Release|Any CPU
		{65DC8762-C452-4FB9-8675-1CE932404204}.Debug|Any CPU.ActiveCfg = Debug|Any CPU
		{65DC8762-C452-4FB9-8675-1CE932404204}.Debug|Any CPU.Build.0 = Debug|Any CPU
		{65DC8762-C452-4FB9-8675-1CE932404204}.Debug|Any CPU.Deploy.0 = Debug|Any CPU
		{65DC8762-C452-4FB9-8675-1CE932404204}.Release|Any CPU.ActiveCfg = Release|Any CPU
		{65DC8762-C452-4FB9-8675-1CE932404204}.Release|Any CPU.Build.0 = Release|Any CPU
		{65DC8762-C452-4FB9-8675-1CE932404204}.Release|Any CPU.Deploy.0 = Release|Any CPU
		{30345A28-F03A-4CF1-B3EF-81E933675C30}.Debug|Any CPU.ActiveCfg = Debug|Any CPU
		{30345A28-F03A-4CF1-B3EF-81E933675C30}.Debug|Any CPU.Build.0 = Debug|Any CPU
		{30345A28-F03A-4CF1-B3EF-81E933675C30}.Release|Any CPU.ActiveCfg = Release|Any CPU
		{30345A28-F03A-4CF1-B3EF-81E933675C30}.Release|Any CPU.Build.0 = Release|Any CPU
		{82F1D48B-97B3-4A52-9677-7241EF0E313D}.Debug|Any CPU.ActiveCfg = Debug|Any CPU
		{82F1D48B-97B3-4A52-9677-7241EF0E313D}.Debug|Any CPU.Build.0 = Debug|Any CPU
		{82F1D48B-97B3-4A52-9677-7241EF0E313D}.Release|Any CPU.ActiveCfg = Release|Any CPU
		{82F1D48B-97B3-4A52-9677-7241EF0E313D}.Release|Any CPU.Build.0 = Release|Any CPU
		{BC2BB21D-BE86-4414-9B68-1CA88FFBBD97}.Debug|Any CPU.ActiveCfg = Debug|Any CPU
		{BC2BB21D-BE86-4414-9B68-1CA88FFBBD97}.Debug|Any CPU.Build.0 = Debug|Any CPU
		{BC2BB21D-BE86-4414-9B68-1CA88FFBBD97}.Release|Any CPU.ActiveCfg = Release|Any CPU
		{BC2BB21D-BE86-4414-9B68-1CA88FFBBD97}.Release|Any CPU.Build.0 = Release|Any CPU
		{22D0495B-1263-4F9F-A582-B7B0D9F494D6}.Debug|Any CPU.ActiveCfg = Debug|Any CPU
		{22D0495B-1263-4F9F-A582-B7B0D9F494D6}.Debug|Any CPU.Build.0 = Debug|Any CPU
		{22D0495B-1263-4F9F-A582-B7B0D9F494D6}.Release|Any CPU.ActiveCfg = Release|Any CPU
		{22D0495B-1263-4F9F-A582-B7B0D9F494D6}.Release|Any CPU.Build.0 = Release|Any CPU
		{1AB52B4D-CE1F-4F07-AAC9-224AF1BE5D2A}.Debug|Any CPU.ActiveCfg = Debug|Any CPU
		{1AB52B4D-CE1F-4F07-AAC9-224AF1BE5D2A}.Debug|Any CPU.Build.0 = Debug|Any CPU
		{1AB52B4D-CE1F-4F07-AAC9-224AF1BE5D2A}.Debug|Any CPU.Deploy.0 = Debug|Any CPU
		{1AB52B4D-CE1F-4F07-AAC9-224AF1BE5D2A}.Release|Any CPU.ActiveCfg = Release|Any CPU
		{1AB52B4D-CE1F-4F07-AAC9-224AF1BE5D2A}.Release|Any CPU.Build.0 = Release|Any CPU
		{1AB52B4D-CE1F-4F07-AAC9-224AF1BE5D2A}.Release|Any CPU.Deploy.0 = Release|Any CPU
	EndGlobalSection
	GlobalSection(SolutionProperties) = preSolution
		HideSolutionNode = FALSE
	EndGlobalSection
	GlobalSection(NestedProjects) = preSolution
		{143A26A1-2A4C-4DC1-8C2A-932B84AC1681} = {B879341F-E103-4A4F-96D7-C3DBA8766B38}
		{17E38C2A-E6E7-4A61-9694-94DD1007A250} = {B879341F-E103-4A4F-96D7-C3DBA8766B38}
		{CFBB0F38-B24E-4117-B025-B0C7B8425A9F} = {761EF9D3-BD3A-44DA-8C20-07DFCA0856A1}
		{B559A3F5-4A9E-40E0-84AB-3DE085887A29} = {761EF9D3-BD3A-44DA-8C20-07DFCA0856A1}
		{A73D0EE3-2A1D-4AEC-88AF-A0FF38892076} = {761EF9D3-BD3A-44DA-8C20-07DFCA0856A1}
		{9E68A69B-F045-4A53-89CE-4D6B0CE1F44A} = {761EF9D3-BD3A-44DA-8C20-07DFCA0856A1}
		{6B153E68-91B5-4352-9037-E3DEE3128EE9} = {2C2570B6-1D14-4062-A899-D737F2A7DEB7}
		{45416914-182D-4E4B-B7B3-37C9DA2E76DA} = {BD762772-8437-4289-81CB-10519FB8C500}
		{3755F1A3-8125-4159-95D6-BACE677314D2} = {BD762772-8437-4289-81CB-10519FB8C500}
		{975B41E2-BA48-42A7-B8A3-33918C7D4262} = {4871D8FB-C586-4F6B-9766-2AE8A18D11F0}
		{E53FEE98-49DF-40C3-BE7E-D05A87324A1F} = {4871D8FB-C586-4F6B-9766-2AE8A18D11F0}
		{56F1BCA8-AD8A-49B4-9A4B-0FFD17DBAFA2} = {D5D39804-B917-4112-A49B-38300851BCC2}
		{C3FD2AB0-3B21-479E-911B-98A3BF8EF566} = {D5D39804-B917-4112-A49B-38300851BCC2}
		{48244052-10BE-472A-94DD-14BC8AE738C4} = {D5D39804-B917-4112-A49B-38300851BCC2}
		{F7FF17BB-D241-4BDA-AC9E-8EFED5859C4B} = {2B369C3A-BA07-424B-A124-815786E4DCD4}
		{FC7DF5F2-2E9E-4EAE-A3D0-7C9E1F586B1A} = {2B369C3A-BA07-424B-A124-815786E4DCD4}
		{9CEDBEAB-33CD-43CF-948D-CC54A0F42A69} = {CF366976-CC67-4807-9DCB-03BEE2956B29}
		{CB336930-99BE-4FF4-9BF1-0A66AB61FFFC} = {CF366976-CC67-4807-9DCB-03BEE2956B29}
		{074D9B30-EF3C-42C9-8624-CE58430CD139} = {5BF663E0-6877-40F0-94C6-C6B8CA7144E6}
		{53402C6C-7C14-4F9D-86FD-D76F74E2306E} = {5BF663E0-6877-40F0-94C6-C6B8CA7144E6}
		{904B57B3-5625-4695-93A9-CEEC75B56F91} = {F368FAF2-D058-4786-A82E-507CBD191BC4}
		{E713733E-CF1E-44BE-B86B-267AD2AABDA5} = {F368FAF2-D058-4786-A82E-507CBD191BC4}
		{89B61D23-D583-4CAF-A64B-07A315ACEED8} = {35EC8C49-C920-4643-89DF-107DD46BDDF3}
		{41BF7ACF-CBD6-41B6-848C-94AC189AF70B} = {35EC8C49-C920-4643-89DF-107DD46BDDF3}
		{4BDE0D37-2779-489D-9D9A-38CE36D764BF} = {35EC8C49-C920-4643-89DF-107DD46BDDF3}
		{51525DF3-6E45-451C-9511-738174A4D8D2} = {35EC8C49-C920-4643-89DF-107DD46BDDF3}
		{7DE7F4AA-1B33-46FC-B899-40858B443E7A} = {35EC8C49-C920-4643-89DF-107DD46BDDF3}
		{25FBC09D-A9E6-47E4-9FC9-62E6426EB7E0} = {34620067-DEE8-4EFF-924C-ECD1159A69C6}
		{CC31AF68-2743-4159-A161-E1B6F332EA3B} = {6A2E1636-95F0-491D-B8C2-3A47AA027473}
		{D8D85DCD-4D74-468E-AED9-0B4A4AFA32CE} = {CC31AF68-2743-4159-A161-E1B6F332EA3B}
		{A2ABBC4B-C618-4C46-8937-90DF633BAF8F} = {CC31AF68-2743-4159-A161-E1B6F332EA3B}
		{5A2078C6-3884-444B-BA7E-F21CC330FA0C} = {CC31AF68-2743-4159-A161-E1B6F332EA3B}
		{65DC8762-C452-4FB9-8675-1CE932404204} = {CC31AF68-2743-4159-A161-E1B6F332EA3B}
		{BA2C3541-F187-4EB4-B97C-7A07D1D8D60B} = {6A2E1636-95F0-491D-B8C2-3A47AA027473}
		{30345A28-F03A-4CF1-B3EF-81E933675C30} = {BA2C3541-F187-4EB4-B97C-7A07D1D8D60B}
		{82F1D48B-97B3-4A52-9677-7241EF0E313D} = {BA2C3541-F187-4EB4-B97C-7A07D1D8D60B}
		{BC2BB21D-BE86-4414-9B68-1CA88FFBBD97} = {BA2C3541-F187-4EB4-B97C-7A07D1D8D60B}
		{22D0495B-1263-4F9F-A582-B7B0D9F494D6} = {BA2C3541-F187-4EB4-B97C-7A07D1D8D60B}
		{1AB52B4D-CE1F-4F07-AAC9-224AF1BE5D2A} = {BA2C3541-F187-4EB4-B97C-7A07D1D8D60B}
	EndGlobalSection
	GlobalSection(ExtensibilityGlobals) = postSolution
		SolutionGuid = {FDE96A38-8157-451D-98CA-BB521429246F}
	EndGlobalSection
EndGlobal
